// !$*UTF8*$!
{
	archiveVersion = 1;
	classes = {
	};
	objectVersion = 50;
	objects = {

/* Begin PBXBuildFile section */
		04FBE6092413313D00630041 /* AppDelegate.swift in Sources */ = {isa = PBXBuildFile; fileRef = 04FBE6082413313D00630041 /* AppDelegate.swift */; };
		04FBE60B2413313D00630041 /* SceneDelegate.swift in Sources */ = {isa = PBXBuildFile; fileRef = 04FBE60A2413313D00630041 /* SceneDelegate.swift */; };
		04FBE60D2413313D00630041 /* ViewController.swift in Sources */ = {isa = PBXBuildFile; fileRef = 04FBE60C2413313D00630041 /* ViewController.swift */; };
		04FBE6102413313D00630041 /* Main.storyboard in Resources */ = {isa = PBXBuildFile; fileRef = 04FBE60E2413313D00630041 /* Main.storyboard */; };
		04FBE6122413314100630041 /* Assets.xcassets in Resources */ = {isa = PBXBuildFile; fileRef = 04FBE6112413314100630041 /* Assets.xcassets */; };
		04FBE6152413314100630041 /* LaunchScreen.storyboard in Resources */ = {isa = PBXBuildFile; fileRef = 04FBE6132413314100630041 /* LaunchScreen.storyboard */; };
		04FBE6202413314100630041 /* Flashcardapp2Tests.swift in Sources */ = {isa = PBXBuildFile; fileRef = 04FBE61F2413314100630041 /* Flashcardapp2Tests.swift */; };
		04FBE62B2413314100630041 /* Flashcardapp2UITests.swift in Sources */ = {isa = PBXBuildFile; fileRef = 04FBE62A2413314100630041 /* Flashcardapp2UITests.swift */; };
		04FBE6392413672700630041 /* CreationViewController.swift in Sources */ = {isa = PBXBuildFile; fileRef = 04FBE6382413672700630041 /* CreationViewController.swift */; };
/* End PBXBuildFile section */

/* Begin PBXContainerItemProxy section */
		04FBE61C2413314100630041 /* PBXContainerItemProxy */ = {
			isa = PBXContainerItemProxy;
			containerPortal = 04FBE5FD2413313D00630041 /* Project object */;
			proxyType = 1;
			remoteGlobalIDString = 04FBE6042413313D00630041;
			remoteInfo = Flashcardapp2;
		};
		04FBE6272413314100630041 /* PBXContainerItemProxy */ = {
			isa = PBXContainerItemProxy;
			containerPortal = 04FBE5FD2413313D00630041 /* Project object */;
			proxyType = 1;
			remoteGlobalIDString = 04FBE6042413313D00630041;
			remoteInfo = Flashcardapp2;
		};
/* End PBXContainerItemProxy section */

/* Begin PBXFileReference section */
		04FBE6052413313D00630041 /* Flashcardapp2.app */ = {isa = PBXFileReference; explicitFileType = wrapper.application; includeInIndex = 0; path = Flashcardapp2.app; sourceTree = BUILT_PRODUCTS_DIR; };
		04FBE6082413313D00630041 /* AppDelegate.swift */ = {isa = PBXFileReference; lastKnownFileType = sourcecode.swift; path = AppDelegate.swift; sourceTree = "<group>"; };
		04FBE60A2413313D00630041 /* SceneDelegate.swift */ = {isa = PBXFileReference; lastKnownFileType = sourcecode.swift; path = SceneDelegate.swift; sourceTree = "<group>"; };
		04FBE60C2413313D00630041 /* ViewController.swift */ = {isa = PBXFileReference; lastKnownFileType = sourcecode.swift; path = ViewController.swift; sourceTree = "<group>"; };
		04FBE60F2413313D00630041 /* Base */ = {isa = PBXFileReference; lastKnownFileType = file.storyboard; name = Base; path = Base.lproj/Main.storyboard; sourceTree = "<group>"; };
		04FBE6112413314100630041 /* Assets.xcassets */ = {isa = PBXFileReference; lastKnownFileType = folder.assetcatalog; path = Assets.xcassets; sourceTree = "<group>"; };
		04FBE6142413314100630041 /* Base */ = {isa = PBXFileReference; lastKnownFileType = file.storyboard; name = Base; path = Base.lproj/LaunchScreen.storyboard; sourceTree = "<group>"; };
		04FBE6162413314100630041 /* Info.plist */ = {isa = PBXFileReference; lastKnownFileType = text.plist.xml; path = Info.plist; sourceTree = "<group>"; };
		04FBE61B2413314100630041 /* Flashcardapp2Tests.xctest */ = {isa = PBXFileReference; explicitFileType = wrapper.cfbundle; includeInIndex = 0; path = Flashcardapp2Tests.xctest; sourceTree = BUILT_PRODUCTS_DIR; };
		04FBE61F2413314100630041 /* Flashcardapp2Tests.swift */ = {isa = PBXFileReference; lastKnownFileType = sourcecode.swift; path = Flashcardapp2Tests.swift; sourceTree = "<group>"; };
		04FBE6212413314100630041 /* Info.plist */ = {isa = PBXFileReference; lastKnownFileType = text.plist.xml; path = Info.plist; sourceTree = "<group>"; };
		04FBE6262413314100630041 /* Flashcardapp2UITests.xctest */ = {isa = PBXFileReference; explicitFileType = wrapper.cfbundle; includeInIndex = 0; path = Flashcardapp2UITests.xctest; sourceTree = BUILT_PRODUCTS_DIR; };
		04FBE62A2413314100630041 /* Flashcardapp2UITests.swift */ = {isa = PBXFileReference; lastKnownFileType = sourcecode.swift; path = Flashcardapp2UITests.swift; sourceTree = "<group>"; };
		04FBE62C2413314100630041 /* Info.plist */ = {isa = PBXFileReference; lastKnownFileType = text.plist.xml; path = Info.plist; sourceTree = "<group>"; };
		04FBE6382413672700630041 /* CreationViewController.swift */ = {isa = PBXFileReference; lastKnownFileType = sourcecode.swift; path = CreationViewController.swift; sourceTree = "<group>"; };
/* End PBXFileReference section */

/* Begin PBXFrameworksBuildPhase section */
		04FBE6022413313D00630041 /* Frameworks */ = {
			isa = PBXFrameworksBuildPhase;
			buildActionMask = 2147483647;
			files = (
			);
			runOnlyForDeploymentPostprocessing = 0;
		};
		04FBE6182413314100630041 /* Frameworks */ = {
			isa = PBXFrameworksBuildPhase;
			buildActionMask = 2147483647;
			files = (
			);
			runOnlyForDeploymentPostprocessing = 0;
		};
		04FBE6232413314100630041 /* Frameworks */ = {
			isa = PBXFrameworksBuildPhase;
			buildActionMask = 2147483647;
			files = (
			);
			runOnlyForDeploymentPostprocessing = 0;
		};
/* End PBXFrameworksBuildPhase section */

/* Begin PBXGroup section */
		04FBE5FC2413313D00630041 = {
			isa = PBXGroup;
			children = (
				04FBE6072413313D00630041 /* Flashcardapp2 */,
				04FBE61E2413314100630041 /* Flashcardapp2Tests */,
				04FBE6292413314100630041 /* Flashcardapp2UITests */,
				04FBE6062413313D00630041 /* Products */,
			);
			sourceTree = "<group>";
		};
		04FBE6062413313D00630041 /* Products */ = {
			isa = PBXGroup;
			children = (
				04FBE6052413313D00630041 /* Flashcardapp2.app */,
				04FBE61B2413314100630041 /* Flashcardapp2Tests.xctest */,
				04FBE6262413314100630041 /* Flashcardapp2UITests.xctest */,
			);
			name = Products;
			sourceTree = "<group>";
		};
		04FBE6072413313D00630041 /* Flashcardapp2 */ = {
			isa = PBXGroup;
			children = (
				04FBE6082413313D00630041 /* AppDelegate.swift */,
				04FBE60A2413313D00630041 /* SceneDelegate.swift */,
				04FBE60C2413313D00630041 /* ViewController.swift */,
				04FBE60E2413313D00630041 /* Main.storyboard */,
				04FBE6382413672700630041 /* CreationViewController.swift */,
				04FBE6112413314100630041 /* Assets.xcassets */,
				04FBE6132413314100630041 /* LaunchScreen.storyboard */,
				04FBE6162413314100630041 /* Info.plist */,
			);
			path = Flashcardapp2;
			sourceTree = "<group>";
		};
		04FBE61E2413314100630041 /* Flashcardapp2Tests */ = {
			isa = PBXGroup;
			children = (
				04FBE61F2413314100630041 /* Flashcardapp2Tests.swift */,
				04FBE6212413314100630041 /* Info.plist */,
			);
			path = Flashcardapp2Tests;
			sourceTree = "<group>";
		};
		04FBE6292413314100630041 /* Flashcardapp2UITests */ = {
			isa = PBXGroup;
			children = (
				04FBE62A2413314100630041 /* Flashcardapp2UITests.swift */,
				04FBE62C2413314100630041 /* Info.plist */,
			);
			path = Flashcardapp2UITests;
			sourceTree = "<group>";
		};
/* End PBXGroup section */

/* Begin PBXNativeTarget section */
		04FBE6042413313D00630041 /* Flashcardapp2 */ = {
			isa = PBXNativeTarget;
			buildConfigurationList = 04FBE62F2413314100630041 /* Build configuration list for PBXNativeTarget "Flashcardapp2" */;
			buildPhases = (
				04FBE6012413313D00630041 /* Sources */,
				04FBE6022413313D00630041 /* Frameworks */,
				04FBE6032413313D00630041 /* Resources */,
			);
			buildRules = (
			);
			dependencies = (
			);
			name = Flashcardapp2;
			productName = Flashcardapp2;
			productReference = 04FBE6052413313D00630041 /* Flashcardapp2.app */;
			productType = "com.apple.product-type.application";
		};
		04FBE61A2413314100630041 /* Flashcardapp2Tests */ = {
			isa = PBXNativeTarget;
			buildConfigurationList = 04FBE6322413314100630041 /* Build configuration list for PBXNativeTarget "Flashcardapp2Tests" */;
			buildPhases = (
				04FBE6172413314100630041 /* Sources */,
				04FBE6182413314100630041 /* Frameworks */,
				04FBE6192413314100630041 /* Resources */,
			);
			buildRules = (
			);
			dependencies = (
				04FBE61D2413314100630041 /* PBXTargetDependency */,
			);
			name = Flashcardapp2Tests;
			productName = Flashcardapp2Tests;
			productReference = 04FBE61B2413314100630041 /* Flashcardapp2Tests.xctest */;
			productType = "com.apple.product-type.bundle.unit-test";
		};
		04FBE6252413314100630041 /* Flashcardapp2UITests */ = {
			isa = PBXNativeTarget;
			buildConfigurationList = 04FBE6352413314100630041 /* Build configuration list for PBXNativeTarget "Flashcardapp2UITests" */;
			buildPhases = (
				04FBE6222413314100630041 /* Sources */,
				04FBE6232413314100630041 /* Frameworks */,
				04FBE6242413314100630041 /* Resources */,
			);
			buildRules = (
			);
			dependencies = (
				04FBE6282413314100630041 /* PBXTargetDependency */,
			);
			name = Flashcardapp2UITests;
			productName = Flashcardapp2UITests;
			productReference = 04FBE6262413314100630041 /* Flashcardapp2UITests.xctest */;
			productType = "com.apple.product-type.bundle.ui-testing";
		};
/* End PBXNativeTarget section */

/* Begin PBXProject section */
		04FBE5FD2413313D00630041 /* Project object */ = {
			isa = PBXProject;
			attributes = {
				LastSwiftUpdateCheck = 1130;
				LastUpgradeCheck = 1130;
				ORGANIZATIONNAME = Mubareka;
				TargetAttributes = {
					04FBE6042413313D00630041 = {
						CreatedOnToolsVersion = 11.3.1;
					};
					04FBE61A2413314100630041 = {
						CreatedOnToolsVersion = 11.3.1;
						TestTargetID = 04FBE6042413313D00630041;
					};
					04FBE6252413314100630041 = {
						CreatedOnToolsVersion = 11.3.1;
						TestTargetID = 04FBE6042413313D00630041;
					};
				};
			};
			buildConfigurationList = 04FBE6002413313D00630041 /* Build configuration list for PBXProject "Flashcardapp2" */;
			compatibilityVersion = "Xcode 9.3";
			developmentRegion = en;
			hasScannedForEncodings = 0;
			knownRegions = (
				en,
				Base,
			);
			mainGroup = 04FBE5FC2413313D00630041;
			productRefGroup = 04FBE6062413313D00630041 /* Products */;
			projectDirPath = "";
			projectRoot = "";
			targets = (
				04FBE6042413313D00630041 /* Flashcardapp2 */,
				04FBE61A2413314100630041 /* Flashcardapp2Tests */,
				04FBE6252413314100630041 /* Flashcardapp2UITests */,
			);
		};
/* End PBXProject section */

/* Begin PBXResourcesBuildPhase section */
		04FBE6032413313D00630041 /* Resources */ = {
			isa = PBXResourcesBuildPhase;
			buildActionMask = 2147483647;
			files = (
				04FBE6152413314100630041 /* LaunchScreen.storyboard in Resources */,
				04FBE6122413314100630041 /* Assets.xcassets in Resources */,
				04FBE6102413313D00630041 /* Main.storyboard in Resources */,
			);
			runOnlyForDeploymentPostprocessing = 0;
		};
		04FBE6192413314100630041 /* Resources */ = {
			isa = PBXResourcesBuildPhase;
			buildActionMask = 2147483647;
			files = (
			);
			runOnlyForDeploymentPostprocessing = 0;
		};
		04FBE6242413314100630041 /* Resources */ = {
			isa = PBXResourcesBuildPhase;
			buildActionMask = 2147483647;
			files = (
			);
			runOnlyForDeploymentPostprocessing = 0;
		};
/* End PBXResourcesBuildPhase section */

/* Begin PBXSourcesBuildPhase section */
		04FBE6012413313D00630041 /* Sources */ = {
			isa = PBXSourcesBuildPhase;
			buildActionMask = 2147483647;
			files = (
				04FBE60D2413313D00630041 /* ViewController.swift in Sources */,
				04FBE6092413313D00630041 /* AppDelegate.swift in Sources */,
				04FBE60B2413313D00630041 /* SceneDelegate.swift in Sources */,
				04FBE6392413672700630041 /* CreationViewController.swift in Sources */,
			);
			runOnlyForDeploymentPostprocessing = 0;
		};
		04FBE6172413314100630041 /* Sources */ = {
			isa = PBXSourcesBuildPhase;
			buildActionMask = 2147483647;
			files = (
				04FBE6202413314100630041 /* Flashcardapp2Tests.swift in Sources */,
			);
			runOnlyForDeploymentPostprocessing = 0;
		};
		04FBE6222413314100630041 /* Sources */ = {
			isa = PBXSourcesBuildPhase;
			buildActionMask = 2147483647;
			files = (
				04FBE62B2413314100630041 /* Flashcardapp2UITests.swift in Sources */,
			);
			runOnlyForDeploymentPostprocessing = 0;
		};
/* End PBXSourcesBuildPhase section */

/* Begin PBXTargetDependency section */
		04FBE61D2413314100630041 /* PBXTargetDependency */ = {
			isa = PBXTargetDependency;
			target = 04FBE6042413313D00630041 /* Flashcardapp2 */;
			targetProxy = 04FBE61C2413314100630041 /* PBXContainerItemProxy */;
		};
		04FBE6282413314100630041 /* PBXTargetDependency */ = {
			isa = PBXTargetDependency;
			target = 04FBE6042413313D00630041 /* Flashcardapp2 */;
			targetProxy = 04FBE6272413314100630041 /* PBXContainerItemProxy */;
		};
/* End PBXTargetDependency section */

/* Begin PBXVariantGroup section */
		04FBE60E2413313D00630041 /* Main.storyboard */ = {
			isa = PBXVariantGroup;
			children = (
				04FBE60F2413313D00630041 /* Base */,
			);
			name = Main.storyboard;
			sourceTree = "<group>";
		};
		04FBE6132413314100630041 /* LaunchScreen.storyboard */ = {
			isa = PBXVariantGroup;
			children = (
				04FBE6142413314100630041 /* Base */,
			);
			name = LaunchScreen.storyboard;
			sourceTree = "<group>";
		};
/* End PBXVariantGroup section */

/* Begin XCBuildConfiguration section */
		04FBE62D2413314100630041 /* Debug */ = {
			isa = XCBuildConfiguration;
			buildSettings = {
				ALWAYS_SEARCH_USER_PATHS = NO;
				CLANG_ANALYZER_NONNULL = YES;
				CLANG_ANALYZER_NUMBER_OBJECT_CONVERSION = YES_AGGRESSIVE;
				CLANG_CXX_LANGUAGE_STANDARD = "gnu++14";
				CLANG_CXX_LIBRARY = "libc++";
				CLANG_ENABLE_MODULES = YES;
				CLANG_ENABLE_OBJC_ARC = YES;
				CLANG_ENABLE_OBJC_WEAK = YES;
				CLANG_WARN_BLOCK_CAPTURE_AUTORELEASING = YES;
				CLANG_WARN_BOOL_CONVERSION = YES;
				CLANG_WARN_COMMA = YES;
				CLANG_WARN_CONSTANT_CONVERSION = YES;
				CLANG_WARN_DEPRECATED_OBJC_IMPLEMENTATIONS = YES;
				CLANG_WARN_DIRECT_OBJC_ISA_USAGE = YES_ERROR;
				CLANG_WARN_DOCUMENTATION_COMMENTS = YES;
				CLANG_WARN_EMPTY_BODY = YES;
				CLANG_WARN_ENUM_CONVERSION = YES;
				CLANG_WARN_INFINITE_RECURSION = YES;
				CLANG_WARN_INT_CONVERSION = YES;
				CLANG_WARN_NON_LITERAL_NULL_CONVERSION = YES;
				CLANG_WARN_OBJC_IMPLICIT_RETAIN_SELF = YES;
				CLANG_WARN_OBJC_LITERAL_CONVERSION = YES;
				CLANG_WARN_OBJC_ROOT_CLASS = YES_ERROR;
				CLANG_WARN_RANGE_LOOP_ANALYSIS = YES;
				CLANG_WARN_STRICT_PROTOTYPES = YES;
				CLANG_WARN_SUSPICIOUS_MOVE = YES;
				CLANG_WARN_UNGUARDED_AVAILABILITY = YES_AGGRESSIVE;
				CLANG_WARN_UNREACHABLE_CODE = YES;
				CLANG_WARN__DUPLICATE_METHOD_MATCH = YES;
				COPY_PHASE_STRIP = NO;
				DEBUG_INFORMATION_FORMAT = dwarf;
				ENABLE_STRICT_OBJC_MSGSEND = YES;
				ENABLE_TESTABILITY = YES;
				GCC_C_LANGUAGE_STANDARD = gnu11;
				GCC_DYNAMIC_NO_PIC = NO;
				GCC_NO_COMMON_BLOCKS = YES;
				GCC_OPTIMIZATION_LEVEL = 0;
				GCC_PREPROCESSOR_DEFINITIONS = (
					"DEBUG=1",
					"$(inherited)",
				);
				GCC_WARN_64_TO_32_BIT_CONVERSION = YES;
				GCC_WARN_ABOUT_RETURN_TYPE = YES_ERROR;
				GCC_WARN_UNDECLARED_SELECTOR = YES;
				GCC_WARN_UNINITIALIZED_AUTOS = YES_AGGRESSIVE;
				GCC_WARN_UNUSED_FUNCTION = YES;
				GCC_WARN_UNUSED_VARIABLE = YES;
				IPHONEOS_DEPLOYMENT_TARGET = 13.2;
				MTL_ENABLE_DEBUG_INFO = INCLUDE_SOURCE;
				MTL_FAST_MATH = YES;
				ONLY_ACTIVE_ARCH = YES;
				SDKROOT = iphoneos;
				SWIFT_ACTIVE_COMPILATION_CONDITIONS = DEBUG;
				SWIFT_OPTIMIZATION_LEVEL = "-Onone";
			};
			name = Debug;
		};
		04FBE62E2413314100630041 /* Release */ = {
			isa = XCBuildConfiguration;
			buildSettings = {
				ALWAYS_SEARCH_USER_PATHS = NO;
				CLANG_ANALYZER_NONNULL = YES;
				CLANG_ANALYZER_NUMBER_OBJECT_CONVERSION = YES_AGGRESSIVE;
				CLANG_CXX_LANGUAGE_STANDARD = "gnu++14";
				CLANG_CXX_LIBRARY = "libc++";
				CLANG_ENABLE_MODULES = YES;
				CLANG_ENABLE_OBJC_ARC = YES;
				CLANG_ENABLE_OBJC_WEAK = YES;
				CLANG_WARN_BLOCK_CAPTURE_AUTORELEASING = YES;
				CLANG_WARN_BOOL_CONVERSION = YES;
				CLANG_WARN_COMMA = YES;
				CLANG_WARN_CONSTANT_CONVERSION = YES;
				CLANG_WARN_DEPRECATED_OBJC_IMPLEMENTATIONS = YES;
				CLANG_WARN_DIRECT_OBJC_ISA_USAGE = YES_ERROR;
				CLANG_WARN_DOCUMENTATION_COMMENTS = YES;
				CLANG_WARN_EMPTY_BODY = YES;
				CLANG_WARN_ENUM_CONVERSION = YES;
				CLANG_WARN_INFINITE_RECURSION = YES;
				CLANG_WARN_INT_CONVERSION = YES;
				CLANG_WARN_NON_LITERAL_NULL_CONVERSION = YES;
				CLANG_WARN_OBJC_IMPLICIT_RETAIN_SELF = YES;
				CLANG_WARN_OBJC_LITERAL_CONVERSION = YES;
				CLANG_WARN_OBJC_ROOT_CLASS = YES_ERROR;
				CLANG_WARN_RANGE_LOOP_ANALYSIS = YES;
				CLANG_WARN_STRICT_PROTOTYPES = YES;
				CLANG_WARN_SUSPICIOUS_MOVE = YES;
				CLANG_WARN_UNGUARDED_AVAILABILITY = YES_AGGRESSIVE;
				CLANG_WARN_UNREACHABLE_CODE = YES;
				CLANG_WARN__DUPLICATE_METHOD_MATCH = YES;
				COPY_PHASE_STRIP = NO;
				DEBUG_INFORMATION_FORMAT = "dwarf-with-dsym";
				ENABLE_NS_ASSERTIONS = NO;
				ENABLE_STRICT_OBJC_MSGSEND = YES;
				GCC_C_LANGUAGE_STANDARD = gnu11;
				GCC_NO_COMMON_BLOCKS = YES;
				GCC_WARN_64_TO_32_BIT_CONVERSION = YES;
				GCC_WARN_ABOUT_RETURN_TYPE = YES_ERROR;
				GCC_WARN_UNDECLARED_SELECTOR = YES;
				GCC_WARN_UNINITIALIZED_AUTOS = YES_AGGRESSIVE;
				GCC_WARN_UNUSED_FUNCTION = YES;
				GCC_WARN_UNUSED_VARIABLE = YES;
				IPHONEOS_DEPLOYMENT_TARGET = 13.2;
				MTL_ENABLE_DEBUG_INFO = NO;
				MTL_FAST_MATH = YES;
				SDKROOT = iphoneos;
				SWIFT_COMPILATION_MODE = wholemodule;
				SWIFT_OPTIMIZATION_LEVEL = "-O";
				VALIDATE_PRODUCT = YES;
			};
			name = Release;
		};
		04FBE6302413314100630041 /* Debug */ = {
			isa = XCBuildConfiguration;
			buildSettings = {
				ASSETCATALOG_COMPILER_APPICON_NAME = AppIcon;
				CODE_SIGN_STYLE = Automatic;
				INFOPLIST_FILE = Flashcardapp2/Info.plist;
				LD_RUNPATH_SEARCH_PATHS = (
					"$(inherited)",
					"@executable_path/Frameworks",
				);
				PRODUCT_BUNDLE_IDENTIFIER = com.HelloM.Flashcardapp2;
				PRODUCT_NAME = "$(TARGET_NAME)";
				SWIFT_VERSION = 5.0;
				TARGETED_DEVICE_FAMILY = "1,2";
			};
			name = Debug;
		};
		04FBE6312413314100630041 /* Release */ = {
			isa = XCBuildConfiguration;
			buildSettings = {
				ASSETCATALOG_COMPILER_APPICON_NAME = AppIcon;
				CODE_SIGN_STYLE = Automatic;
				INFOPLIST_FILE = Flashcardapp2/Info.plist;
				LD_RUNPATH_SEARCH_PATHS = (
					"$(inherited)",
					"@executable_path/Frameworks",
				);
				PRODUCT_BUNDLE_IDENTIFIER = com.HelloM.Flashcardapp2;
				PRODUCT_NAME = "$(TARGET_NAME)";
				SWIFT_VERSION = 5.0;
				TARGETED_DEVICE_FAMILY = "1,2";
			};
			name = Release;
		};
		04FBE6332413314100630041 /* Debug */ = {
			isa = XCBuildConfiguration;
			buildSettings = {
				ALWAYS_EMBED_SWIFT_STANDARD_LIBRARIES = YES;
				BUNDLE_LOADER = "$(TEST_HOST)";
				CODE_SIGN_STYLE = Automatic;
				INFOPLIST_FILE = Flashcardapp2Tests/Info.plist;
				IPHONEOS_DEPLOYMENT_TARGET = 13.2;
				LD_RUNPATH_SEARCH_PATHS = (
					"$(inherited)",
					"@executable_path/Frameworks",
					"@loader_path/Frameworks",
				);
				PRODUCT_BUNDLE_IDENTIFIER = com.HelloM.Flashcardapp2Tests;
				PRODUCT_NAME = "$(TARGET_NAME)";
				SWIFT_VERSION = 5.0;
				TARGETED_DEVICE_FAMILY = "1,2";
				TEST_HOST = "$(BUILT_PRODUCTS_DIR)/Flashcardapp2.app/Flashcardapp2";
			};
			name = Debug;
		};
		04FBE6342413314100630041 /* Release */ = {
			isa = XCBuildConfiguration;
			buildSettings = {
				ALWAYS_EMBED_SWIFT_STANDARD_LIBRARIES = YES;
				BUNDLE_LOADER = "$(TEST_HOST)";
				CODE_SIGN_STYLE = Automatic;
				INFOPLIST_FILE = Flashcardapp2Tests/Info.plist;
				IPHONEOS_DEPLOYMENT_TARGET = 13.2;
				LD_RUNPATH_SEARCH_PATHS = (
					"$(inherited)",
					"@executable_path/Frameworks",
					"@loader_path/Frameworks",
				);
				PRODUCT_BUNDLE_IDENTIFIER = com.HelloM.Flashcardapp2Tests;
				PRODUCT_NAME = "$(TARGET_NAME)";
				SWIFT_VERSION = 5.0;
				TARGETED_DEVICE_FAMILY = "1,2";
				TEST_HOST = "$(BUILT_PRODUCTS_DIR)/Flashcardapp2.app/Flashcardapp2";
			};
			name = Release;
		};
		04FBE6362413314100630041 /* Debug */ = {
			isa = XCBuildConfiguration;
			buildSettings = {
				ALWAYS_EMBED_SWIFT_STANDARD_LIBRARIES = YES;
				CODE_SIGN_STYLE = Automatic;
				INFOPLIST_FILE = Flashcardapp2UITests/Info.plist;
				LD_RUNPATH_SEARCH_PATHS = (
					"$(inherited)",
					"@executable_path/Frameworks",
					"@loader_path/Frameworks",
				);
				PRODUCT_BUNDLE_IDENTIFIER = com.HelloM.Flashcardapp2UITests;
				PRODUCT_NAME = "$(TARGET_NAME)";
				SWIFT_VERSION = 5.0;
				TARGETED_DEVICE_FAMILY = "1,2";
				TEST_TARGET_NAME = Flashcardapp2;
			};
			name = Debug;
		};
		04FBE6372413314100630041 /* Release */ = {
			isa = XCBuildConfiguration;
			buildSettings = {
				ALWAYS_EMBED_SWIFT_STANDARD_LIBRARIES = YES;
				CODE_SIGN_STYLE = Automatic;
				INFOPLIST_FILE = Flashcardapp2UITests/Info.plist;
				LD_RUNPATH_SEARCH_PATHS = (
					"$(inherited)",
					"@executable_path/Frameworks",
					"@loader_path/Frameworks",
				);
				PRODUCT_BUNDLE_IDENTIFIER = com.HelloM.Flashcardapp2UITests;
				PRODUCT_NAME = "$(TARGET_NAME)";
				SWIFT_VERSION = 5.0;
				TARGETED_DEVICE_FAMILY = "1,2";
				TEST_TARGET_NAME = Flashcardapp2;
			};
			name = Release;
		};
/* End XCBuildConfiguration section */

/* Begin XCConfigurationList section */
		04FBE6002413313D00630041 /* Build configuration list for PBXProject "Flashcardapp2" */ = {
			isa = XCConfigurationList;
			buildConfigurations = (
				04FBE62D2413314100630041 /* Debug */,
				04FBE62E2413314100630041 /* Release */,
			);
			defaultConfigurationIsVisible = 0;
			defaultConfigurationName = Release;
		};
		04FBE62F2413314100630041 /* Build configuration list for PBXNativeTarget "Flashcardapp2" */ = {
			isa = XCConfigurationList;
			buildConfigurations = (
				04FBE6302413314100630041 /* Debug */,
				04FBE6312413314100630041 /* Release */,
			);
			defaultConfigurationIsVisible = 0;
			defaultConfigurationName = Release;
		};
		04FBE6322413314100630041 /* Build configuration list for PBXNativeTarget "Flashcardapp2Tests" */ = {
			isa = XCConfigurationList;
			buildConfigurations = (
				04FBE6332413314100630041 /* Debug */,
				04FBE6342413314100630041 /* Release */,
			);
			defaultConfigurationIsVisible = 0;
			defaultConfigurationName = Release;
		};
		04FBE6352413314100630041 /* Build configuration list for PBXNativeTarget "Flashcardapp2UITests" */ = {
			isa = XCConfigurationList;
			buildConfigurations = (
				04FBE6362413314100630041 /* Debug */,
				04FBE6372413314100630041 /* Release */,
			);
			defaultConfigurationIsVisible = 0;
			defaultConfigurationName = Release;
		};
/* End XCConfigurationList section */
	};
	rootObject = 04FBE5FD2413313D00630041 /* Project object */;
}
